// !$*UTF8*$!
{
	archiveVersion = 1;
	classes = {
	};
	objectVersion = 56;
	objects = {

/* Begin PBXBuildFile section */
		D459124129D377C500F04FBE /* AppDelegate.swift in Sources */ = {isa = PBXBuildFile; fileRef = D459124029D377C500F04FBE /* AppDelegate.swift */; };
		D459124329D377C500F04FBE /* SceneDelegate.swift in Sources */ = {isa = PBXBuildFile; fileRef = D459124229D377C500F04FBE /* SceneDelegate.swift */; };
		D459124529D377C500F04FBE /* ViewController.swift in Sources */ = {isa = PBXBuildFile; fileRef = D459124429D377C500F04FBE /* ViewController.swift */; };
		D459124829D377C500F04FBE /* Main.storyboard in Resources */ = {isa = PBXBuildFile; fileRef = D459124629D377C500F04FBE /* Main.storyboard */; };
		D459124A29D377C600F04FBE /* Assets.xcassets in Resources */ = {isa = PBXBuildFile; fileRef = D459124929D377C600F04FBE /* Assets.xcassets */; };
		D459124D29D377C600F04FBE /* LaunchScreen.storyboard in Resources */ = {isa = PBXBuildFile; fileRef = D459124B29D377C600F04FBE /* LaunchScreen.storyboard */; };
		D459125729D37BD700F04FBE /* Story.swift in Sources */ = {isa = PBXBuildFile; fileRef = D459125629D37BD700F04FBE /* Story.swift */; };
		D459125929D37BEB00F04FBE /* Story Brain.swift in Sources */ = {isa = PBXBuildFile; fileRef = D459125829D37BEB00F04FBE /* Story Brain.swift */; };
/* End PBXBuildFile section */

/* Begin PBXFileReference section */
		D459123D29D377C500F04FBE /* Street Life.app */ = {isa = PBXFileReference; explicitFileType = wrapper.application; includeInIndex = 0; path = "Street Life.app"; sourceTree = BUILT_PRODUCTS_DIR; };
		D459124029D377C500F04FBE /* AppDelegate.swift */ = {isa = PBXFileReference; lastKnownFileType = sourcecode.swift; path = AppDelegate.swift; sourceTree = "<group>"; };
		D459124229D377C500F04FBE /* SceneDelegate.swift */ = {isa = PBXFileReference; lastKnownFileType = sourcecode.swift; path = SceneDelegate.swift; sourceTree = "<group>"; };
		D459124429D377C500F04FBE /* ViewController.swift */ = {isa = PBXFileReference; lastKnownFileType = sourcecode.swift; path = ViewController.swift; sourceTree = "<group>"; };
		D459124729D377C500F04FBE /* Base */ = {isa = PBXFileReference; lastKnownFileType = file.storyboard; name = Base; path = Base.lproj/Main.storyboard; sourceTree = "<group>"; };
		D459124929D377C600F04FBE /* Assets.xcassets */ = {isa = PBXFileReference; lastKnownFileType = folder.assetcatalog; path = Assets.xcassets; sourceTree = "<group>"; };
		D459124C29D377C600F04FBE /* Base */ = {isa = PBXFileReference; lastKnownFileType = file.storyboard; name = Base; path = Base.lproj/LaunchScreen.storyboard; sourceTree = "<group>"; };
		D459124E29D377C600F04FBE /* Info.plist */ = {isa = PBXFileReference; lastKnownFileType = text.plist.xml; path = Info.plist; sourceTree = "<group>"; };
		D459125629D37BD700F04FBE /* Story.swift */ = {isa = PBXFileReference; lastKnownFileType = sourcecode.swift; path = Story.swift; sourceTree = "<group>"; };
		D459125829D37BEB00F04FBE /* Story Brain.swift */ = {isa = PBXFileReference; lastKnownFileType = sourcecode.swift; path = "Story Brain.swift"; sourceTree = "<group>"; };
/* End PBXFileReference section */

/* Begin PBXFrameworksBuildPhase section */
		D459123A29D377C500F04FBE /* Frameworks */ = {
			isa = PBXFrameworksBuildPhase;
			buildActionMask = 2147483647;
			files = (
			);
			runOnlyForDeploymentPostprocessing = 0;
		};
/* End PBXFrameworksBuildPhase section */

/* Begin PBXGroup section */
		D459123429D377C500F04FBE = {
			isa = PBXGroup;
			children = (
				D459123F29D377C500F04FBE /* Street Life */,
				D459123E29D377C500F04FBE /* Products */,
			);
			sourceTree = "<group>";
		};
		D459123E29D377C500F04FBE /* Products */ = {
			isa = PBXGroup;
			children = (
				D459123D29D377C500F04FBE /* Street Life.app */,
			);
			name = Products;
			sourceTree = "<group>";
		};
		D459123F29D377C500F04FBE /* Street Life */ = {
			isa = PBXGroup;
			children = (
				D459124029D377C500F04FBE /* AppDelegate.swift */,
				D459124229D377C500F04FBE /* SceneDelegate.swift */,
				D459124929D377C600F04FBE /* Assets.xcassets */,
				D459125A29D37BF200F04FBE /* Model */,
				D459125529D37BA200F04FBE /* View */,
				D459125429D37B9900F04FBE /* Controller */,
				D459124B29D377C600F04FBE /* LaunchScreen.storyboard */,
				D459124E29D377C600F04FBE /* Info.plist */,
			);
			path = "Street Life";
			sourceTree = "<group>";
		};
		D459125429D37B9900F04FBE /* Controller */ = {
			isa = PBXGroup;
			children = (
				D459124429D377C500F04FBE /* ViewController.swift */,
			);
			path = Controller;
			sourceTree = "<group>";
		};
		D459125529D37BA200F04FBE /* View */ = {
			isa = PBXGroup;
			children = (
				D459124629D377C500F04FBE /* Main.storyboard */,
			);
			path = View;
			sourceTree = "<group>";
		};
		D459125A29D37BF200F04FBE /* Model */ = {
			isa = PBXGroup;
			children = (
				D459125629D37BD700F04FBE /* Story.swift */,
				D459125829D37BEB00F04FBE /* Story Brain.swift */,
			);
			path = Model;
			sourceTree = "<group>";
		};
/* End PBXGroup section */

/* Begin PBXNativeTarget section */
		D459123C29D377C500F04FBE /* Street Life */ = {
			isa = PBXNativeTarget;
			buildConfigurationList = D459125129D377C600F04FBE /* Build configuration list for PBXNativeTarget "Street Life" */;
			buildPhases = (
				D459123929D377C500F04FBE /* Sources */,
				D459123A29D377C500F04FBE /* Frameworks */,
				D459123B29D377C500F04FBE /* Resources */,
			);
			buildRules = (
			);
			dependencies = (
			);
			name = "Street Life";
			productName = "Street Life";
			productReference = D459123D29D377C500F04FBE /* Street Life.app */;
			productType = "com.apple.product-type.application";
		};
/* End PBXNativeTarget section */

/* Begin PBXProject section */
		D459123529D377C500F04FBE /* Project object */ = {
			isa = PBXProject;
			attributes = {
				BuildIndependentTargetsInParallel = 1;
				LastSwiftUpdateCheck = 1420;
				LastUpgradeCheck = 1420;
				TargetAttributes = {
					D459123C29D377C500F04FBE = {
						CreatedOnToolsVersion = 14.2;
					};
				};
			};
			buildConfigurationList = D459123829D377C500F04FBE /* Build configuration list for PBXProject "Street Life" */;
			compatibilityVersion = "Xcode 14.0";
			developmentRegion = en;
			hasScannedForEncodings = 0;
			knownRegions = (
				en,
				Base,
			);
			mainGroup = D459123429D377C500F04FBE;
			productRefGroup = D459123E29D377C500F04FBE /* Products */;
			projectDirPath = "";
			projectRoot = "";
			targets = (
				D459123C29D377C500F04FBE /* Street Life */,
			);
		};
/* End PBXProject section */

/* Begin PBXResourcesBuildPhase section */
		D459123B29D377C500F04FBE /* Resources */ = {
			isa = PBXResourcesBuildPhase;
			buildActionMask = 2147483647;
			files = (
				D459124D29D377C600F04FBE /* LaunchScreen.storyboard in Resources */,
				D459124A29D377C600F04FBE /* Assets.xcassets in Resources */,
				D459124829D377C500F04FBE /* Main.storyboard in Resources */,
			);
			runOnlyForDeploymentPostprocessing = 0;
		};
/* End PBXResourcesBuildPhase section */

/* Begin PBXSourcesBuildPhase section */
		D459123929D377C500F04FBE /* Sources */ = {
			isa = PBXSourcesBuildPhase;
			buildActionMask = 2147483647;
			files = (
				D459124529D377C500F04FBE /* ViewController.swift in Sources */,
				D459124129D377C500F04FBE /* AppDelegate.swift in Sources */,
				D459124329D377C500F04FBE /* SceneDelegate.swift in Sources */,
				D459125729D37BD700F04FBE /* Story.swift in Sources */,
				D459125929D37BEB00F04FBE /* Story Brain.swift in Sources */,
			);
			runOnlyForDeploymentPostprocessing = 0;
		};
/* End PBXSourcesBuildPhase section */

/* Begin PBXVariantGroup section */
		D459124629D377C500F04FBE /* Main.storyboard */ = {
			isa = PBXVariantGroup;
			children = (
				D459124729D377C500F04FBE /* Base */,
			);
			name = Main.storyboard;
			sourceTree = "<group>";
		};
		D459124B29D377C600F04FBE /* LaunchScreen.storyboard */ = {
			isa = PBXVariantGroup;
			children = (
				D459124C29D377C600F04FBE /* Base */,
			);
			name = LaunchScreen.storyboard;
			sourceTree = "<group>";
		};
/* End PBXVariantGroup section */

/* Begin XCBuildConfiguration section */
		D459124F29D377C600F04FBE /* Debug */ = {
			isa = XCBuildConfiguration;
			buildSettings = {
				ALWAYS_SEARCH_USER_PATHS = NO;
				CLANG_ANALYZER_NONNULL = YES;
				CLANG_ANALYZER_NUMBER_OBJECT_CONVERSION = YES_AGGRESSIVE;
				CLANG_CXX_LANGUAGE_STANDARD = "gnu++20";
				CLANG_ENABLE_MODULES = YES;
				CLANG_ENABLE_OBJC_ARC = YES;
				CLANG_ENABLE_OBJC_WEAK = YES;
				CLANG_WARN_BLOCK_CAPTURE_AUTORELEASING = YES;
				CLANG_WARN_BOOL_CONVERSION = YES;
				CLANG_WARN_COMMA = YES;
				CLANG_WARN_CONSTANT_CONVERSION = YES;
				CLANG_WARN_DEPRECATED_OBJC_IMPLEMENTATIONS = YES;
				CLANG_WARN_DIRECT_OBJC_ISA_USAGE = YES_ERROR;
				CLANG_WARN_DOCUMENTATION_COMMENTS = YES;
				CLANG_WARN_EMPTY_BODY = YES;
				CLANG_WARN_ENUM_CONVERSION = YES;
				CLANG_WARN_INFINITE_RECURSION = YES;
				CLANG_WARN_INT_CONVERSION = YES;
				CLANG_WARN_NON_LITERAL_NULL_CONVERSION = YES;
				CLANG_WARN_OBJC_IMPLICIT_RETAIN_SELF = YES;
				CLANG_WARN_OBJC_LITERAL_CONVERSION = YES;
				CLANG_WARN_OBJC_ROOT_CLASS = YES_ERROR;
				CLANG_WARN_QUOTED_INCLUDE_IN_FRAMEWORK_HEADER = YES;
				CLANG_WARN_RANGE_LOOP_ANALYSIS = YES;
				CLANG_WARN_STRICT_PROTOTYPES = YES;
				CLANG_WARN_SUSPICIOUS_MOVE = YES;
				CLANG_WARN_UNGUARDED_AVAILABILITY = YES_AGGRESSIVE;
				CLANG_WARN_UNREACHABLE_CODE = YES;
				CLANG_WARN__DUPLICATE_METHOD_MATCH = YES;
				COPY_PHASE_STRIP = NO;
				DEBUG_INFORMATION_FORMAT = dwarf;
				ENABLE_STRICT_OBJC_MSGSEND = YES;
				ENABLE_TESTABILITY = YES;
				GCC_C_LANGUAGE_STANDARD = gnu11;
				GCC_DYNAMIC_NO_PIC = NO;
				GCC_NO_COMMON_BLOCKS = YES;
				GCC_OPTIMIZATION_LEVEL = 0;
				GCC_PREPROCESSOR_DEFINITIONS = (
					"DEBUG=1",
					"$(inherited)",
				);
				GCC_WARN_64_TO_32_BIT_CONVERSION = YES;
				GCC_WARN_ABOUT_RETURN_TYPE = YES_ERROR;
				GCC_WARN_UNDECLARED_SELECTOR = YES;
				GCC_WARN_UNINITIALIZED_AUTOS = YES_AGGRESSIVE;
				GCC_WARN_UNUSED_FUNCTION = YES;
				GCC_WARN_UNUSED_VARIABLE = YES;
				IPHONEOS_DEPLOYMENT_TARGET = 16.2;
				MTL_ENABLE_DEBUG_INFO = INCLUDE_SOURCE;
				MTL_FAST_MATH = YES;
				ONLY_ACTIVE_ARCH = YES;
				SDKROOT = iphoneos;
				SWIFT_ACTIVE_COMPILATION_CONDITIONS = DEBUG;
				SWIFT_OPTIMIZATION_LEVEL = "-Onone";
			};
			name = Debug;
		};
		D459125029D377C600F04FBE /* Release */ = {
			isa = XCBuildConfiguration;
			buildSettings = {
				ALWAYS_SEARCH_USER_PATHS = NO;
				CLANG_ANALYZER_NONNULL = YES;
				CLANG_ANALYZER_NUMBER_OBJECT_CONVERSION = YES_AGGRESSIVE;
				CLANG_CXX_LANGUAGE_STANDARD = "gnu++20";
				CLANG_ENABLE_MODULES = YES;
				CLANG_ENABLE_OBJC_ARC = YES;
				CLANG_ENABLE_OBJC_WEAK = YES;
				CLANG_WARN_BLOCK_CAPTURE_AUTORELEASING = YES;
				CLANG_WARN_BOOL_CONVERSION = YES;
				CLANG_WARN_COMMA = YES;
				CLANG_WARN_CONSTANT_CONVERSION = YES;
				CLANG_WARN_DEPRECATED_OBJC_IMPLEMENTATIONS = YES;
				CLANG_WARN_DIRECT_OBJC_ISA_USAGE = YES_ERROR;
				CLANG_WARN_DOCUMENTATION_COMMENTS = YES;
				CLANG_WARN_EMPTY_BODY = YES;
				CLANG_WARN_ENUM_CONVERSION = YES;
				CLANG_WARN_INFINITE_RECURSION = YES;
				CLANG_WARN_INT_CONVERSION = YES;
				CLANG_WARN_NON_LITERAL_NULL_CONVERSION = YES;
				CLANG_WARN_OBJC_IMPLICIT_RETAIN_SELF = YES;
				CLANG_WARN_OBJC_LITERAL_CONVERSION = YES;
				CLANG_WARN_OBJC_ROOT_CLASS = YES_ERROR;
				CLANG_WARN_QUOTED_INCLUDE_IN_FRAMEWORK_HEADER = YES;
				CLANG_WARN_RANGE_LOOP_ANALYSIS = YES;
				CLANG_WARN_STRICT_PROTOTYPES = YES;
				CLANG_WARN_SUSPICIOUS_MOVE = YES;
				CLANG_WARN_UNGUARDED_AVAILABILITY = YES_AGGRESSIVE;
				CLANG_WARN_UNREACHABLE_CODE = YES;
				CLANG_WARN__DUPLICATE_METHOD_MATCH = YES;
				COPY_PHASE_STRIP = NO;
				DEBUG_INFORMATION_FORMAT = "dwarf-with-dsym";
				ENABLE_NS_ASSERTIONS = NO;
				ENABLE_STRICT_OBJC_MSGSEND = YES;
				GCC_C_LANGUAGE_STANDARD = gnu11;
				GCC_NO_COMMON_BLOCKS = YES;
				GCC_WARN_64_TO_32_BIT_CONVERSION = YES;
				GCC_WARN_ABOUT_RETURN_TYPE = YES_ERROR;
				GCC_WARN_UNDECLARED_SELECTOR = YES;
				GCC_WARN_UNINITIALIZED_AUTOS = YES_AGGRESSIVE;
				GCC_WARN_UNUSED_FUNCTION = YES;
				GCC_WARN_UNUSED_VARIABLE = YES;
				IPHONEOS_DEPLOYMENT_TARGET = 16.2;
				MTL_ENABLE_DEBUG_INFO = NO;
				MTL_FAST_MATH = YES;
				SDKROOT = iphoneos;
				SWIFT_COMPILATION_MODE = wholemodule;
				SWIFT_OPTIMIZATION_LEVEL = "-O";
				VALIDATE_PRODUCT = YES;
			};
			name = Release;
		};
		D459125229D377C600F04FBE /* Debug */ = {
			isa = XCBuildConfiguration;
			buildSettings = {
				ASSETCATALOG_COMPILER_APPICON_NAME = AppIcon;
				ASSETCATALOG_COMPILER_GLOBAL_ACCENT_COLOR_NAME = AccentColor;
				CODE_SIGN_STYLE = Automatic;
				CURRENT_PROJECT_VERSION = 1;
				GENERATE_INFOPLIST_FILE = YES;
				INFOPLIST_FILE = "Street Life/Info.plist";
				INFOPLIST_KEY_UIApplicationSupportsIndirectInputEvents = YES;
				INFOPLIST_KEY_UILaunchStoryboardName = LaunchScreen;
				INFOPLIST_KEY_UIMainStoryboardFile = Main;
				INFOPLIST_KEY_UISupportedInterfaceOrientations = UIInterfaceOrientationPortrait;
				LD_RUNPATH_SEARCH_PATHS = (
					"$(inherited)",
					"@executable_path/Frameworks",
				);
				MARKETING_VERSION = 1.0;
				PRODUCT_BUNDLE_IDENTIFIER = "com.amittandel.Street-Life";
				PRODUCT_NAME = "$(TARGET_NAME)";
				SWIFT_EMIT_LOC_STRINGS = YES;
				SWIFT_VERSION = 5.0;
				TARGETED_DEVICE_FAMILY = "1,2";
			};
			name = Debug;
		};
		D459125329D377C600F04FBE /* Release */ = {
			isa = XCBuildConfiguration;
			buildSettings = {
				ASSETCATALOG_COMPILER_APPICON_NAME = AppIcon;
				ASSETCATALOG_COMPILER_GLOBAL_ACCENT_COLOR_NAME = AccentColor;
				CODE_SIGN_STYLE = Automatic;
				CURRENT_PROJECT_VERSION = 1;
				GENERATE_INFOPLIST_FILE = YES;
				INFOPLIST_FILE = "Street Life/Info.plist";
				INFOPLIST_KEY_UIApplicationSupportsIndirectInputEvents = YES;
				INFOPLIST_KEY_UILaunchStoryboardName = LaunchScreen;
				INFOPLIST_KEY_UIMainStoryboardFile = Main;
				INFOPLIST_KEY_UISupportedInterfaceOrientations = UIInterfaceOrientationPortrait;
				LD_RUNPATH_SEARCH_PATHS = (
					"$(inherited)",
					"@executable_path/Frameworks",
				);
				MARKETING_VERSION = 1.0;
				PRODUCT_BUNDLE_IDENTIFIER = "com.amittandel.Street-Life";
				PRODUCT_NAME = "$(TARGET_NAME)";
				SWIFT_EMIT_LOC_STRINGS = YES;
				SWIFT_VERSION = 5.0;
				TARGETED_DEVICE_FAMILY = "1,2";
			};
			name = Release;
		};
/* End XCBuildConfiguration section */

/* Begin XCConfigurationList section */
		D459123829D377C500F04FBE /* Build configuration list for PBXProject "Street Life" */ = {
			isa = XCConfigurationList;
			buildConfigurations = (
				D459124F29D377C600F04FBE /* Debug */,
				D459125029D377C600F04FBE /* Release */,
			);
			defaultConfigurationIsVisible = 0;
			defaultConfigurationName = Release;
		};
		D459125129D377C600F04FBE /* Build configuration list for PBXNativeTarget "Street Life" */ = {
			isa = XCConfigurationList;
			buildConfigurations = (
				D459125229D377C600F04FBE /* Debug */,
				D459125329D377C600F04FBE /* Release */,
			);
			defaultConfigurationIsVisible = 0;
			defaultConfigurationName = Release;
		};
/* End XCConfigurationList section */
	};
	rootObject = D459123529D377C500F04FBE /* Project object */;
}
